// !$*UTF8*$!
{
	archiveVersion = 1;
	classes = {
	};
	objectVersion = 55;
	objects = {

/* Begin PBXBuildFile section */
		D47F830D270596D700BA589D /* AppDelegate.swift in Sources */ = {isa = PBXBuildFile; fileRef = D47F830C270596D700BA589D /* AppDelegate.swift */; };
		D47F8311270596D700BA589D /* ViewController.swift in Sources */ = {isa = PBXBuildFile; fileRef = D47F8310270596D700BA589D /* ViewController.swift */; };
		D47F8316270596DB00BA589D /* Assets.xcassets in Resources */ = {isa = PBXBuildFile; fileRef = D47F8315270596DB00BA589D /* Assets.xcassets */; };
		D47F8319270596DB00BA589D /* LaunchScreen.storyboard in Resources */ = {isa = PBXBuildFile; fileRef = D47F8317270596DB00BA589D /* LaunchScreen.storyboard */; };
		D47F83222705981C00BA589D /* ZZSnapMutipleViewSetup.swift in Sources */ = {isa = PBXBuildFile; fileRef = D47F83212705981C00BA589D /* ZZSnapMutipleViewSetup.swift */; };
		D47F83242705982D00BA589D /* ZZSnapMutipleViewExtension.swift in Sources */ = {isa = PBXBuildFile; fileRef = D47F83232705982D00BA589D /* ZZSnapMutipleViewExtension.swift */; };
		D47F83482705A20900BA589D /* ConstraintMultiplierTarget.swift in Sources */ = {isa = PBXBuildFile; fileRef = D47F83262705A20900BA589D /* ConstraintMultiplierTarget.swift */; };
		D47F83492705A20900BA589D /* LayoutConstraintItem.swift in Sources */ = {isa = PBXBuildFile; fileRef = D47F83272705A20900BA589D /* LayoutConstraintItem.swift */; };
		D47F834A2705A20900BA589D /* ConstraintDescription.swift in Sources */ = {isa = PBXBuildFile; fileRef = D47F83282705A20900BA589D /* ConstraintDescription.swift */; };
		D47F834B2705A20900BA589D /* ConstraintMakerPriortizable.swift in Sources */ = {isa = PBXBuildFile; fileRef = D47F83292705A20900BA589D /* ConstraintMakerPriortizable.swift */; };
		D47F834C2705A20900BA589D /* ConstraintAttributes.swift in Sources */ = {isa = PBXBuildFile; fileRef = D47F832A2705A20900BA589D /* ConstraintAttributes.swift */; };
		D47F834D2705A20900BA589D /* ConstraintViewDSL.swift in Sources */ = {isa = PBXBuildFile; fileRef = D47F832B2705A20900BA589D /* ConstraintViewDSL.swift */; };
		D47F834E2705A20900BA589D /* ConstraintPriorityTarget.swift in Sources */ = {isa = PBXBuildFile; fileRef = D47F832C2705A20900BA589D /* ConstraintPriorityTarget.swift */; };
		D47F834F2705A20900BA589D /* ConstraintInsets.swift in Sources */ = {isa = PBXBuildFile; fileRef = D47F832D2705A20900BA589D /* ConstraintInsets.swift */; };
		D47F83502705A20900BA589D /* ConstraintMakerFinalizable.swift in Sources */ = {isa = PBXBuildFile; fileRef = D47F832E2705A20900BA589D /* ConstraintMakerFinalizable.swift */; };
		D47F83512705A20900BA589D /* ConstraintDSL.swift in Sources */ = {isa = PBXBuildFile; fileRef = D47F832F2705A20900BA589D /* ConstraintDSL.swift */; };
		D47F83522705A20900BA589D /* ConstraintMakerExtendable.swift in Sources */ = {isa = PBXBuildFile; fileRef = D47F83302705A20900BA589D /* ConstraintMakerExtendable.swift */; };
		D47F83532705A20900BA589D /* ConstraintPriority.swift in Sources */ = {isa = PBXBuildFile; fileRef = D47F83312705A20900BA589D /* ConstraintPriority.swift */; };
		D47F83542705A20900BA589D /* ConstraintInsetTarget.swift in Sources */ = {isa = PBXBuildFile; fileRef = D47F83322705A20900BA589D /* ConstraintInsetTarget.swift */; };
		D47F83552705A20900BA589D /* ConstraintConfig.swift in Sources */ = {isa = PBXBuildFile; fileRef = D47F83332705A20900BA589D /* ConstraintConfig.swift */; };
		D47F83562705A20900BA589D /* UILayoutSupport+Extensions.swift in Sources */ = {isa = PBXBuildFile; fileRef = D47F83342705A20900BA589D /* UILayoutSupport+Extensions.swift */; };
		D47F83572705A20900BA589D /* ConstraintView.swift in Sources */ = {isa = PBXBuildFile; fileRef = D47F83352705A20900BA589D /* ConstraintView.swift */; };
		D47F83582705A20900BA589D /* ConstraintLayoutGuide.swift in Sources */ = {isa = PBXBuildFile; fileRef = D47F83362705A20900BA589D /* ConstraintLayoutGuide.swift */; };
		D47F83592705A20900BA589D /* ConstraintLayoutSupport.swift in Sources */ = {isa = PBXBuildFile; fileRef = D47F83372705A20900BA589D /* ConstraintLayoutSupport.swift */; };
		D47F835A2705A20900BA589D /* Typealiases.swift in Sources */ = {isa = PBXBuildFile; fileRef = D47F83382705A20900BA589D /* Typealiases.swift */; };
		D47F835B2705A20900BA589D /* ConstraintConstantTarget.swift in Sources */ = {isa = PBXBuildFile; fileRef = D47F83392705A20900BA589D /* ConstraintConstantTarget.swift */; };
		D47F835C2705A20900BA589D /* ConstraintOffsetTarget.swift in Sources */ = {isa = PBXBuildFile; fileRef = D47F833A2705A20900BA589D /* ConstraintOffsetTarget.swift */; };
		D47F835D2705A20900BA589D /* ConstraintMakerEditable.swift in Sources */ = {isa = PBXBuildFile; fileRef = D47F833B2705A20900BA589D /* ConstraintMakerEditable.swift */; };
		D47F835E2705A20900BA589D /* ConstraintMaker.swift in Sources */ = {isa = PBXBuildFile; fileRef = D47F833C2705A20900BA589D /* ConstraintMaker.swift */; };
		D47F835F2705A20900BA589D /* ConstraintRelation.swift in Sources */ = {isa = PBXBuildFile; fileRef = D47F833D2705A20900BA589D /* ConstraintRelation.swift */; };
		D47F83602705A20900BA589D /* ConstraintLayoutGuideDSL.swift in Sources */ = {isa = PBXBuildFile; fileRef = D47F833E2705A20900BA589D /* ConstraintLayoutGuideDSL.swift */; };
		D47F83612705A20900BA589D /* ConstraintView+Extensions.swift in Sources */ = {isa = PBXBuildFile; fileRef = D47F833F2705A20900BA589D /* ConstraintView+Extensions.swift */; };
		D47F83622705A20900BA589D /* ConstraintItem.swift in Sources */ = {isa = PBXBuildFile; fileRef = D47F83402705A20900BA589D /* ConstraintItem.swift */; };
		D47F83632705A20900BA589D /* Constraint.swift in Sources */ = {isa = PBXBuildFile; fileRef = D47F83412705A20900BA589D /* Constraint.swift */; };
		D47F83642705A20900BA589D /* Debugging.swift in Sources */ = {isa = PBXBuildFile; fileRef = D47F83422705A20900BA589D /* Debugging.swift */; };
		D47F83652705A20900BA589D /* ConstraintRelatableTarget.swift in Sources */ = {isa = PBXBuildFile; fileRef = D47F83432705A20900BA589D /* ConstraintRelatableTarget.swift */; };
		D47F83662705A20900BA589D /* LayoutConstraint.swift in Sources */ = {isa = PBXBuildFile; fileRef = D47F83442705A20900BA589D /* LayoutConstraint.swift */; };
		D47F83672705A20900BA589D /* ConstraintLayoutGuide+Extensions.swift in Sources */ = {isa = PBXBuildFile; fileRef = D47F83452705A20900BA589D /* ConstraintLayoutGuide+Extensions.swift */; };
		D47F83682705A20900BA589D /* ConstraintLayoutSupportDSL.swift in Sources */ = {isa = PBXBuildFile; fileRef = D47F83462705A20900BA589D /* ConstraintLayoutSupportDSL.swift */; };
		D47F83692705A20900BA589D /* ConstraintMakerRelatable.swift in Sources */ = {isa = PBXBuildFile; fileRef = D47F83472705A20900BA589D /* ConstraintMakerRelatable.swift */; };
		D47F836C2705AE6600BA589D /* TableViewController.swift in Sources */ = {isa = PBXBuildFile; fileRef = D47F836B2705AE6600BA589D /* TableViewController.swift */; };
		D47F836F2705AEA000BA589D /* TableListItem.swift in Sources */ = {isa = PBXBuildFile; fileRef = D47F836E2705AEA000BA589D /* TableListItem.swift */; };
		D47F83722705AF8E00BA589D /* EqualViewController.swift in Sources */ = {isa = PBXBuildFile; fileRef = D47F83712705AF8E00BA589D /* EqualViewController.swift */; };
		D47F83752705C30700BA589D /* RandomColorView.swift in Sources */ = {isa = PBXBuildFile; fileRef = D47F83742705C30700BA589D /* RandomColorView.swift */; };
		D47F83772705C5BF00BA589D /* ZZSnapMultipleViewProtocol.swift in Sources */ = {isa = PBXBuildFile; fileRef = D47F83762705C5BF00BA589D /* ZZSnapMultipleViewProtocol.swift */; };
		D47F83792705EA2700BA589D /* VerticalViewController.swift in Sources */ = {isa = PBXBuildFile; fileRef = D47F83782705EA2700BA589D /* VerticalViewController.swift */; };
		D47F837B2705F65900BA589D /* HorizontalViewController.swift in Sources */ = {isa = PBXBuildFile; fileRef = D47F837A2705F65900BA589D /* HorizontalViewController.swift */; };
		D47F837D2706000100BA589D /* FlexViewController.swift in Sources */ = {isa = PBXBuildFile; fileRef = D47F837C2706000100BA589D /* FlexViewController.swift */; };
		D47F837F2706292F00BA589D /* WidgetViewController.swift in Sources */ = {isa = PBXBuildFile; fileRef = D47F837E2706292F00BA589D /* WidgetViewController.swift */; };
		D47F83812706368900BA589D /* MoreViewController.swift in Sources */ = {isa = PBXBuildFile; fileRef = D47F83802706368900BA589D /* MoreViewController.swift */; };
		D47F838727064E2200BA589D /* Simulator Screen Shot - iPhone 13 - 2021-10-01 at 03.48.26.png in Resources */ = {isa = PBXBuildFile; fileRef = D47F838327064E2200BA589D /* Simulator Screen Shot - iPhone 13 - 2021-10-01 at 03.48.26.png */; };
		D47F838827064E2200BA589D /* Simulator Screen Shot - iPhone 13 - 2021-10-01 at 03.51.36.png in Resources */ = {isa = PBXBuildFile; fileRef = D47F838427064E2200BA589D /* Simulator Screen Shot - iPhone 13 - 2021-10-01 at 03.51.36.png */; };
		D47F838927064E2200BA589D /* Simulator Screen Shot - iPhone 13 - 2021-10-01 at 03.52.34.png in Resources */ = {isa = PBXBuildFile; fileRef = D47F838527064E2200BA589D /* Simulator Screen Shot - iPhone 13 - 2021-10-01 at 03.52.34.png */; };
		D47F838A27064E2200BA589D /* Simulator Screen Shot - iPhone 13 - 2021-10-01 at 03.52.17.png in Resources */ = {isa = PBXBuildFile; fileRef = D47F838627064E2200BA589D /* Simulator Screen Shot - iPhone 13 - 2021-10-01 at 03.52.17.png */; };
/* End PBXBuildFile section */

/* Begin PBXFileReference section */
		D47F8309270596D700BA589D /* ZZSnapMutipleViewSetup.app */ = {isa = PBXFileReference; explicitFileType = wrapper.application; includeInIndex = 0; path = ZZSnapMutipleViewSetup.app; sourceTree = BUILT_PRODUCTS_DIR; };
		D47F830C270596D700BA589D /* AppDelegate.swift */ = {isa = PBXFileReference; lastKnownFileType = sourcecode.swift; path = AppDelegate.swift; sourceTree = "<group>"; };
		D47F8310270596D700BA589D /* ViewController.swift */ = {isa = PBXFileReference; lastKnownFileType = sourcecode.swift; path = ViewController.swift; sourceTree = "<group>"; };
		D47F8315270596DB00BA589D /* Assets.xcassets */ = {isa = PBXFileReference; lastKnownFileType = folder.assetcatalog; path = Assets.xcassets; sourceTree = "<group>"; };
		D47F8318270596DB00BA589D /* Base */ = {isa = PBXFileReference; lastKnownFileType = file.storyboard; name = Base; path = Base.lproj/LaunchScreen.storyboard; sourceTree = "<group>"; };
		D47F831A270596DB00BA589D /* Info.plist */ = {isa = PBXFileReference; lastKnownFileType = text.plist.xml; path = Info.plist; sourceTree = "<group>"; };
		D47F83212705981C00BA589D /* ZZSnapMutipleViewSetup.swift */ = {isa = PBXFileReference; lastKnownFileType = sourcecode.swift; path = ZZSnapMutipleViewSetup.swift; sourceTree = "<group>"; };
		D47F83232705982D00BA589D /* ZZSnapMutipleViewExtension.swift */ = {isa = PBXFileReference; lastKnownFileType = sourcecode.swift; path = ZZSnapMutipleViewExtension.swift; sourceTree = "<group>"; };
		D47F83262705A20900BA589D /* ConstraintMultiplierTarget.swift */ = {isa = PBXFileReference; fileEncoding = 4; lastKnownFileType = sourcecode.swift; path = ConstraintMultiplierTarget.swift; sourceTree = "<group>"; };
		D47F83272705A20900BA589D /* LayoutConstraintItem.swift */ = {isa = PBXFileReference; fileEncoding = 4; lastKnownFileType = sourcecode.swift; path = LayoutConstraintItem.swift; sourceTree = "<group>"; };
		D47F83282705A20900BA589D /* ConstraintDescription.swift */ = {isa = PBXFileReference; fileEncoding = 4; lastKnownFileType = sourcecode.swift; path = ConstraintDescription.swift; sourceTree = "<group>"; };
		D47F83292705A20900BA589D /* ConstraintMakerPriortizable.swift */ = {isa = PBXFileReference; fileEncoding = 4; lastKnownFileType = sourcecode.swift; path = ConstraintMakerPriortizable.swift; sourceTree = "<group>"; };
		D47F832A2705A20900BA589D /* ConstraintAttributes.swift */ = {isa = PBXFileReference; fileEncoding = 4; lastKnownFileType = sourcecode.swift; path = ConstraintAttributes.swift; sourceTree = "<group>"; };
		D47F832B2705A20900BA589D /* ConstraintViewDSL.swift */ = {isa = PBXFileReference; fileEncoding = 4; lastKnownFileType = sourcecode.swift; path = ConstraintViewDSL.swift; sourceTree = "<group>"; };
		D47F832C2705A20900BA589D /* ConstraintPriorityTarget.swift */ = {isa = PBXFileReference; fileEncoding = 4; lastKnownFileType = sourcecode.swift; path = ConstraintPriorityTarget.swift; sourceTree = "<group>"; };
		D47F832D2705A20900BA589D /* ConstraintInsets.swift */ = {isa = PBXFileReference; fileEncoding = 4; lastKnownFileType = sourcecode.swift; path = ConstraintInsets.swift; sourceTree = "<group>"; };
		D47F832E2705A20900BA589D /* ConstraintMakerFinalizable.swift */ = {isa = PBXFileReference; fileEncoding = 4; lastKnownFileType = sourcecode.swift; path = ConstraintMakerFinalizable.swift; sourceTree = "<group>"; };
		D47F832F2705A20900BA589D /* ConstraintDSL.swift */ = {isa = PBXFileReference; fileEncoding = 4; lastKnownFileType = sourcecode.swift; path = ConstraintDSL.swift; sourceTree = "<group>"; };
		D47F83302705A20900BA589D /* ConstraintMakerExtendable.swift */ = {isa = PBXFileReference; fileEncoding = 4; lastKnownFileType = sourcecode.swift; path = ConstraintMakerExtendable.swift; sourceTree = "<group>"; };
		D47F83312705A20900BA589D /* ConstraintPriority.swift */ = {isa = PBXFileReference; fileEncoding = 4; lastKnownFileType = sourcecode.swift; path = ConstraintPriority.swift; sourceTree = "<group>"; };
		D47F83322705A20900BA589D /* ConstraintInsetTarget.swift */ = {isa = PBXFileReference; fileEncoding = 4; lastKnownFileType = sourcecode.swift; path = ConstraintInsetTarget.swift; sourceTree = "<group>"; };
		D47F83332705A20900BA589D /* ConstraintConfig.swift */ = {isa = PBXFileReference; fileEncoding = 4; lastKnownFileType = sourcecode.swift; path = ConstraintConfig.swift; sourceTree = "<group>"; };
		D47F83342705A20900BA589D /* UILayoutSupport+Extensions.swift */ = {isa = PBXFileReference; fileEncoding = 4; lastKnownFileType = sourcecode.swift; path = "UILayoutSupport+Extensions.swift"; sourceTree = "<group>"; };
		D47F83352705A20900BA589D /* ConstraintView.swift */ = {isa = PBXFileReference; fileEncoding = 4; lastKnownFileType = sourcecode.swift; path = ConstraintView.swift; sourceTree = "<group>"; };
		D47F83362705A20900BA589D /* ConstraintLayoutGuide.swift */ = {isa = PBXFileReference; fileEncoding = 4; lastKnownFileType = sourcecode.swift; path = ConstraintLayoutGuide.swift; sourceTree = "<group>"; };
		D47F83372705A20900BA589D /* ConstraintLayoutSupport.swift */ = {isa = PBXFileReference; fileEncoding = 4; lastKnownFileType = sourcecode.swift; path = ConstraintLayoutSupport.swift; sourceTree = "<group>"; };
		D47F83382705A20900BA589D /* Typealiases.swift */ = {isa = PBXFileReference; fileEncoding = 4; lastKnownFileType = sourcecode.swift; path = Typealiases.swift; sourceTree = "<group>"; };
		D47F83392705A20900BA589D /* ConstraintConstantTarget.swift */ = {isa = PBXFileReference; fileEncoding = 4; lastKnownFileType = sourcecode.swift; path = ConstraintConstantTarget.swift; sourceTree = "<group>"; };
		D47F833A2705A20900BA589D /* ConstraintOffsetTarget.swift */ = {isa = PBXFileReference; fileEncoding = 4; lastKnownFileType = sourcecode.swift; path = ConstraintOffsetTarget.swift; sourceTree = "<group>"; };
		D47F833B2705A20900BA589D /* ConstraintMakerEditable.swift */ = {isa = PBXFileReference; fileEncoding = 4; lastKnownFileType = sourcecode.swift; path = ConstraintMakerEditable.swift; sourceTree = "<group>"; };
		D47F833C2705A20900BA589D /* ConstraintMaker.swift */ = {isa = PBXFileReference; fileEncoding = 4; lastKnownFileType = sourcecode.swift; path = ConstraintMaker.swift; sourceTree = "<group>"; };
		D47F833D2705A20900BA589D /* ConstraintRelation.swift */ = {isa = PBXFileReference; fileEncoding = 4; lastKnownFileType = sourcecode.swift; path = ConstraintRelation.swift; sourceTree = "<group>"; };
		D47F833E2705A20900BA589D /* ConstraintLayoutGuideDSL.swift */ = {isa = PBXFileReference; fileEncoding = 4; lastKnownFileType = sourcecode.swift; path = ConstraintLayoutGuideDSL.swift; sourceTree = "<group>"; };
		D47F833F2705A20900BA589D /* ConstraintView+Extensions.swift */ = {isa = PBXFileReference; fileEncoding = 4; lastKnownFileType = sourcecode.swift; path = "ConstraintView+Extensions.swift"; sourceTree = "<group>"; };
		D47F83402705A20900BA589D /* ConstraintItem.swift */ = {isa = PBXFileReference; fileEncoding = 4; lastKnownFileType = sourcecode.swift; path = ConstraintItem.swift; sourceTree = "<group>"; };
		D47F83412705A20900BA589D /* Constraint.swift */ = {isa = PBXFileReference; fileEncoding = 4; lastKnownFileType = sourcecode.swift; path = Constraint.swift; sourceTree = "<group>"; };
		D47F83422705A20900BA589D /* Debugging.swift */ = {isa = PBXFileReference; fileEncoding = 4; lastKnownFileType = sourcecode.swift; path = Debugging.swift; sourceTree = "<group>"; };
		D47F83432705A20900BA589D /* ConstraintRelatableTarget.swift */ = {isa = PBXFileReference; fileEncoding = 4; lastKnownFileType = sourcecode.swift; path = ConstraintRelatableTarget.swift; sourceTree = "<group>"; };
		D47F83442705A20900BA589D /* LayoutConstraint.swift */ = {isa = PBXFileReference; fileEncoding = 4; lastKnownFileType = sourcecode.swift; path = LayoutConstraint.swift; sourceTree = "<group>"; };
		D47F83452705A20900BA589D /* ConstraintLayoutGuide+Extensions.swift */ = {isa = PBXFileReference; fileEncoding = 4; lastKnownFileType = sourcecode.swift; path = "ConstraintLayoutGuide+Extensions.swift"; sourceTree = "<group>"; };
		D47F83462705A20900BA589D /* ConstraintLayoutSupportDSL.swift */ = {isa = PBXFileReference; fileEncoding = 4; lastKnownFileType = sourcecode.swift; path = ConstraintLayoutSupportDSL.swift; sourceTree = "<group>"; };
		D47F83472705A20900BA589D /* ConstraintMakerRelatable.swift */ = {isa = PBXFileReference; fileEncoding = 4; lastKnownFileType = sourcecode.swift; path = ConstraintMakerRelatable.swift; sourceTree = "<group>"; };
		D47F836B2705AE6600BA589D /* TableViewController.swift */ = {isa = PBXFileReference; lastKnownFileType = sourcecode.swift; path = TableViewController.swift; sourceTree = "<group>"; };
		D47F836E2705AEA000BA589D /* TableListItem.swift */ = {isa = PBXFileReference; lastKnownFileType = sourcecode.swift; path = TableListItem.swift; sourceTree = "<group>"; };
		D47F83712705AF8E00BA589D /* EqualViewController.swift */ = {isa = PBXFileReference; lastKnownFileType = sourcecode.swift; path = EqualViewController.swift; sourceTree = "<group>"; };
		D47F83742705C30700BA589D /* RandomColorView.swift */ = {isa = PBXFileReference; lastKnownFileType = sourcecode.swift; path = RandomColorView.swift; sourceTree = "<group>"; };
		D47F83762705C5BF00BA589D /* ZZSnapMultipleViewProtocol.swift */ = {isa = PBXFileReference; lastKnownFileType = sourcecode.swift; path = ZZSnapMultipleViewProtocol.swift; sourceTree = "<group>"; };
		D47F83782705EA2700BA589D /* VerticalViewController.swift */ = {isa = PBXFileReference; lastKnownFileType = sourcecode.swift; path = VerticalViewController.swift; sourceTree = "<group>"; };
		D47F837A2705F65900BA589D /* HorizontalViewController.swift */ = {isa = PBXFileReference; lastKnownFileType = sourcecode.swift; path = HorizontalViewController.swift; sourceTree = "<group>"; };
		D47F837C2706000100BA589D /* FlexViewController.swift */ = {isa = PBXFileReference; lastKnownFileType = sourcecode.swift; path = FlexViewController.swift; sourceTree = "<group>"; };
		D47F837E2706292F00BA589D /* WidgetViewController.swift */ = {isa = PBXFileReference; lastKnownFileType = sourcecode.swift; path = WidgetViewController.swift; sourceTree = "<group>"; };
		D47F83802706368900BA589D /* MoreViewController.swift */ = {isa = PBXFileReference; lastKnownFileType = sourcecode.swift; path = MoreViewController.swift; sourceTree = "<group>"; };
		D47F838327064E2200BA589D /* Simulator Screen Shot - iPhone 13 - 2021-10-01 at 03.48.26.png */ = {isa = PBXFileReference; lastKnownFileType = image.png; path = "Simulator Screen Shot - iPhone 13 - 2021-10-01 at 03.48.26.png"; sourceTree = "<group>"; };
		D47F838427064E2200BA589D /* Simulator Screen Shot - iPhone 13 - 2021-10-01 at 03.51.36.png */ = {isa = PBXFileReference; lastKnownFileType = image.png; path = "Simulator Screen Shot - iPhone 13 - 2021-10-01 at 03.51.36.png"; sourceTree = "<group>"; };
		D47F838527064E2200BA589D /* Simulator Screen Shot - iPhone 13 - 2021-10-01 at 03.52.34.png */ = {isa = PBXFileReference; lastKnownFileType = image.png; path = "Simulator Screen Shot - iPhone 13 - 2021-10-01 at 03.52.34.png"; sourceTree = "<group>"; };
		D47F838627064E2200BA589D /* Simulator Screen Shot - iPhone 13 - 2021-10-01 at 03.52.17.png */ = {isa = PBXFileReference; lastKnownFileType = image.png; path = "Simulator Screen Shot - iPhone 13 - 2021-10-01 at 03.52.17.png"; sourceTree = "<group>"; };
/* End PBXFileReference section */

/* Begin PBXFrameworksBuildPhase section */
		D47F8306270596D700BA589D /* Frameworks */ = {
			isa = PBXFrameworksBuildPhase;
			buildActionMask = 2147483647;
			files = (
			);
			runOnlyForDeploymentPostprocessing = 0;
		};
/* End PBXFrameworksBuildPhase section */

/* Begin PBXGroup section */
		D47F8300270596D700BA589D = {
			isa = PBXGroup;
			children = (
				D47F830B270596D700BA589D /* ZZSnapMutipleViewSetup */,
				D47F830A270596D700BA589D /* Products */,
			);
			sourceTree = "<group>";
		};
		D47F830A270596D700BA589D /* Products */ = {
			isa = PBXGroup;
			children = (
				D47F8309270596D700BA589D /* ZZSnapMutipleViewSetup.app */,
			);
			name = Products;
			sourceTree = "<group>";
		};
		D47F830B270596D700BA589D /* ZZSnapMutipleViewSetup */ = {
			isa = PBXGroup;
			children = (
				D47F838227064E0100BA589D /* Pictures */,
				D47F836A2705AE5500BA589D /* Classes */,
				D47F83252705A20900BA589D /* SnapKit */,
				D47F83202705974B00BA589D /* SnapMutipleViewSetup */,
				D47F830C270596D700BA589D /* AppDelegate.swift */,
				D47F8310270596D700BA589D /* ViewController.swift */,
				D47F8315270596DB00BA589D /* Assets.xcassets */,
				D47F8317270596DB00BA589D /* LaunchScreen.storyboard */,
				D47F831A270596DB00BA589D /* Info.plist */,
			);
			path = ZZSnapMutipleViewSetup;
			sourceTree = "<group>";
		};
		D47F83202705974B00BA589D /* SnapMutipleViewSetup */ = {
			isa = PBXGroup;
			children = (
				D47F83212705981C00BA589D /* ZZSnapMutipleViewSetup.swift */,
				D47F83232705982D00BA589D /* ZZSnapMutipleViewExtension.swift */,
				D47F83762705C5BF00BA589D /* ZZSnapMultipleViewProtocol.swift */,
			);
			path = SnapMutipleViewSetup;
			sourceTree = "<group>";
		};
		D47F83252705A20900BA589D /* SnapKit */ = {
			isa = PBXGroup;
			children = (
				D47F83262705A20900BA589D /* ConstraintMultiplierTarget.swift */,
				D47F83272705A20900BA589D /* LayoutConstraintItem.swift */,
				D47F83282705A20900BA589D /* ConstraintDescription.swift */,
				D47F83292705A20900BA589D /* ConstraintMakerPriortizable.swift */,
				D47F832A2705A20900BA589D /* ConstraintAttributes.swift */,
				D47F832B2705A20900BA589D /* ConstraintViewDSL.swift */,
				D47F832C2705A20900BA589D /* ConstraintPriorityTarget.swift */,
				D47F832D2705A20900BA589D /* ConstraintInsets.swift */,
				D47F832E2705A20900BA589D /* ConstraintMakerFinalizable.swift */,
				D47F832F2705A20900BA589D /* ConstraintDSL.swift */,
				D47F83302705A20900BA589D /* ConstraintMakerExtendable.swift */,
				D47F83312705A20900BA589D /* ConstraintPriority.swift */,
				D47F83322705A20900BA589D /* ConstraintInsetTarget.swift */,
				D47F83332705A20900BA589D /* ConstraintConfig.swift */,
				D47F83342705A20900BA589D /* UILayoutSupport+Extensions.swift */,
				D47F83352705A20900BA589D /* ConstraintView.swift */,
				D47F83362705A20900BA589D /* ConstraintLayoutGuide.swift */,
				D47F83372705A20900BA589D /* ConstraintLayoutSupport.swift */,
				D47F83382705A20900BA589D /* Typealiases.swift */,
				D47F83392705A20900BA589D /* ConstraintConstantTarget.swift */,
				D47F833A2705A20900BA589D /* ConstraintOffsetTarget.swift */,
				D47F833B2705A20900BA589D /* ConstraintMakerEditable.swift */,
				D47F833C2705A20900BA589D /* ConstraintMaker.swift */,
				D47F833D2705A20900BA589D /* ConstraintRelation.swift */,
				D47F833E2705A20900BA589D /* ConstraintLayoutGuideDSL.swift */,
				D47F833F2705A20900BA589D /* ConstraintView+Extensions.swift */,
				D47F83402705A20900BA589D /* ConstraintItem.swift */,
				D47F83412705A20900BA589D /* Constraint.swift */,
				D47F83422705A20900BA589D /* Debugging.swift */,
				D47F83432705A20900BA589D /* ConstraintRelatableTarget.swift */,
				D47F83442705A20900BA589D /* LayoutConstraint.swift */,
				D47F83452705A20900BA589D /* ConstraintLayoutGuide+Extensions.swift */,
				D47F83462705A20900BA589D /* ConstraintLayoutSupportDSL.swift */,
				D47F83472705A20900BA589D /* ConstraintMakerRelatable.swift */,
			);
			path = SnapKit;
			sourceTree = "<group>";
		};
		D47F836A2705AE5500BA589D /* Classes */ = {
			isa = PBXGroup;
			children = (
				D47F83732705C2DD00BA589D /* View */,
				D47F83702705AF2C00BA589D /* Controller */,
				D47F836D2705AE8900BA589D /* Model */,
				D47F836B2705AE6600BA589D /* TableViewController.swift */,
			);
			path = Classes;
			sourceTree = "<group>";
		};
		D47F836D2705AE8900BA589D /* Model */ = {
			isa = PBXGroup;
			children = (
				D47F836E2705AEA000BA589D /* TableListItem.swift */,
			);
			path = Model;
			sourceTree = "<group>";
		};
		D47F83702705AF2C00BA589D /* Controller */ = {
			isa = PBXGroup;
			children = (
				D47F83712705AF8E00BA589D /* EqualViewController.swift */,
				D47F83782705EA2700BA589D /* VerticalViewController.swift */,
				D47F837A2705F65900BA589D /* HorizontalViewController.swift */,
				D47F837C2706000100BA589D /* FlexViewController.swift */,
				D47F837E2706292F00BA589D /* WidgetViewController.swift */,
				D47F83802706368900BA589D /* MoreViewController.swift */,
			);
			path = Controller;
			sourceTree = "<group>";
		};
		D47F83732705C2DD00BA589D /* View */ = {
			isa = PBXGroup;
			children = (
				D47F83742705C30700BA589D /* RandomColorView.swift */,
			);
			path = View;
			sourceTree = "<group>";
		};
		D47F838227064E0100BA589D /* Pictures */ = {
			isa = PBXGroup;
			children = (
				D47F838327064E2200BA589D /* Simulator Screen Shot - iPhone 13 - 2021-10-01 at 03.48.26.png */,
				D47F838427064E2200BA589D /* Simulator Screen Shot - iPhone 13 - 2021-10-01 at 03.51.36.png */,
				D47F838627064E2200BA589D /* Simulator Screen Shot - iPhone 13 - 2021-10-01 at 03.52.17.png */,
				D47F838527064E2200BA589D /* Simulator Screen Shot - iPhone 13 - 2021-10-01 at 03.52.34.png */,
			);
			path = Pictures;
			sourceTree = "<group>";
		};
/* End PBXGroup section */

/* Begin PBXNativeTarget section */
		D47F8308270596D700BA589D /* ZZSnapMutipleViewSetup */ = {
			isa = PBXNativeTarget;
			buildConfigurationList = D47F831D270596DB00BA589D /* Build configuration list for PBXNativeTarget "ZZSnapMutipleViewSetup" */;
			buildPhases = (
				D47F8305270596D700BA589D /* Sources */,
				D47F8306270596D700BA589D /* Frameworks */,
				D47F8307270596D700BA589D /* Resources */,
			);
			buildRules = (
			);
			dependencies = (
			);
			name = ZZSnapMutipleViewSetup;
			productName = ZZSnapMutipleViewSetup;
			productReference = D47F8309270596D700BA589D /* ZZSnapMutipleViewSetup.app */;
			productType = "com.apple.product-type.application";
		};
/* End PBXNativeTarget section */

/* Begin PBXProject section */
		D47F8301270596D700BA589D /* Project object */ = {
			isa = PBXProject;
			attributes = {
				BuildIndependentTargetsInParallel = 1;
				LastSwiftUpdateCheck = 1300;
				LastUpgradeCheck = 1300;
				TargetAttributes = {
					D47F8308270596D700BA589D = {
						CreatedOnToolsVersion = 13.0;
					};
				};
			};
			buildConfigurationList = D47F8304270596D700BA589D /* Build configuration list for PBXProject "ZZSnapMutipleViewSetup" */;
			compatibilityVersion = "Xcode 13.0";
			developmentRegion = en;
			hasScannedForEncodings = 0;
			knownRegions = (
				en,
				Base,
			);
			mainGroup = D47F8300270596D700BA589D;
			productRefGroup = D47F830A270596D700BA589D /* Products */;
			projectDirPath = "";
			projectRoot = "";
			targets = (
				D47F8308270596D700BA589D /* ZZSnapMutipleViewSetup */,
			);
		};
/* End PBXProject section */

/* Begin PBXResourcesBuildPhase section */
		D47F8307270596D700BA589D /* Resources */ = {
			isa = PBXResourcesBuildPhase;
			buildActionMask = 2147483647;
			files = (
				D47F838927064E2200BA589D /* Simulator Screen Shot - iPhone 13 - 2021-10-01 at 03.52.34.png in Resources */,
				D47F838827064E2200BA589D /* Simulator Screen Shot - iPhone 13 - 2021-10-01 at 03.51.36.png in Resources */,
				D47F838A27064E2200BA589D /* Simulator Screen Shot - iPhone 13 - 2021-10-01 at 03.52.17.png in Resources */,
				D47F8319270596DB00BA589D /* LaunchScreen.storyboard in Resources */,
				D47F838727064E2200BA589D /* Simulator Screen Shot - iPhone 13 - 2021-10-01 at 03.48.26.png in Resources */,
				D47F8316270596DB00BA589D /* Assets.xcassets in Resources */,
			);
			runOnlyForDeploymentPostprocessing = 0;
		};
/* End PBXResourcesBuildPhase section */

/* Begin PBXSourcesBuildPhase section */
		D47F8305270596D700BA589D /* Sources */ = {
			isa = PBXSourcesBuildPhase;
			buildActionMask = 2147483647;
			files = (
				D47F835F2705A20900BA589D /* ConstraintRelation.swift in Sources */,
				D47F835D2705A20900BA589D /* ConstraintMakerEditable.swift in Sources */,
				D47F83482705A20900BA589D /* ConstraintMultiplierTarget.swift in Sources */,
				D47F83752705C30700BA589D /* RandomColorView.swift in Sources */,
				D47F836C2705AE6600BA589D /* TableViewController.swift in Sources */,
				D47F83652705A20900BA589D /* ConstraintRelatableTarget.swift in Sources */,
				D47F83622705A20900BA589D /* ConstraintItem.swift in Sources */,
				D47F83672705A20900BA589D /* ConstraintLayoutGuide+Extensions.swift in Sources */,
				D47F83592705A20900BA589D /* ConstraintLayoutSupport.swift in Sources */,
				D47F8311270596D700BA589D /* ViewController.swift in Sources */,
				D47F83602705A20900BA589D /* ConstraintLayoutGuideDSL.swift in Sources */,
				D47F83492705A20900BA589D /* LayoutConstraintItem.swift in Sources */,
				D47F83792705EA2700BA589D /* VerticalViewController.swift in Sources */,
				D47F835C2705A20900BA589D /* ConstraintOffsetTarget.swift in Sources */,
				D47F83692705A20900BA589D /* ConstraintMakerRelatable.swift in Sources */,
				D47F834C2705A20900BA589D /* ConstraintAttributes.swift in Sources */,
				D47F83502705A20900BA589D /* ConstraintMakerFinalizable.swift in Sources */,
				D47F83222705981C00BA589D /* ZZSnapMutipleViewSetup.swift in Sources */,
				D47F83642705A20900BA589D /* Debugging.swift in Sources */,
				D47F837B2705F65900BA589D /* HorizontalViewController.swift in Sources */,
				D47F835E2705A20900BA589D /* ConstraintMaker.swift in Sources */,
				D47F83812706368900BA589D /* MoreViewController.swift in Sources */,
				D47F830D270596D700BA589D /* AppDelegate.swift in Sources */,
				D47F83612705A20900BA589D /* ConstraintView+Extensions.swift in Sources */,
				D47F835A2705A20900BA589D /* Typealiases.swift in Sources */,
				D47F834B2705A20900BA589D /* ConstraintMakerPriortizable.swift in Sources */,
				D47F834F2705A20900BA589D /* ConstraintInsets.swift in Sources */,
				D47F83632705A20900BA589D /* Constraint.swift in Sources */,
				D47F83572705A20900BA589D /* ConstraintView.swift in Sources */,
				D47F834E2705A20900BA589D /* ConstraintPriorityTarget.swift in Sources */,
				D47F83562705A20900BA589D /* UILayoutSupport+Extensions.swift in Sources */,
				D47F83722705AF8E00BA589D /* EqualViewController.swift in Sources */,
				D47F83532705A20900BA589D /* ConstraintPriority.swift in Sources */,
				D47F83522705A20900BA589D /* ConstraintMakerExtendable.swift in Sources */,
				D47F835B2705A20900BA589D /* ConstraintConstantTarget.swift in Sources */,
				D47F83542705A20900BA589D /* ConstraintInsetTarget.swift in Sources */,
				D47F837D2706000100BA589D /* FlexViewController.swift in Sources */,
				D47F83242705982D00BA589D /* ZZSnapMutipleViewExtension.swift in Sources */,
				D47F83582705A20900BA589D /* ConstraintLayoutGuide.swift in Sources */,
				D47F836F2705AEA000BA589D /* TableListItem.swift in Sources */,
				D47F834A2705A20900BA589D /* ConstraintDescription.swift in Sources */,
				D47F83662705A20900BA589D /* LayoutConstraint.swift in Sources */,
				D47F837F2706292F00BA589D /* WidgetViewController.swift in Sources */,
				D47F83682705A20900BA589D /* ConstraintLayoutSupportDSL.swift in Sources */,
				D47F83552705A20900BA589D /* ConstraintConfig.swift in Sources */,
				D47F834D2705A20900BA589D /* ConstraintViewDSL.swift in Sources */,
				D47F83512705A20900BA589D /* ConstraintDSL.swift in Sources */,
				D47F83772705C5BF00BA589D /* ZZSnapMultipleViewProtocol.swift in Sources */,
			);
			runOnlyForDeploymentPostprocessing = 0;
		};
/* End PBXSourcesBuildPhase section */

/* Begin PBXVariantGroup section */
		D47F8317270596DB00BA589D /* LaunchScreen.storyboard */ = {
			isa = PBXVariantGroup;
			children = (
				D47F8318270596DB00BA589D /* Base */,
			);
			name = LaunchScreen.storyboard;
			sourceTree = "<group>";
		};
/* End PBXVariantGroup section */

/* Begin XCBuildConfiguration section */
		D47F831B270596DB00BA589D /* Debug */ = {
			isa = XCBuildConfiguration;
			buildSettings = {
				ALWAYS_SEARCH_USER_PATHS = NO;
				CLANG_ANALYZER_NONNULL = YES;
				CLANG_ANALYZER_NUMBER_OBJECT_CONVERSION = YES_AGGRESSIVE;
				CLANG_CXX_LANGUAGE_STANDARD = "gnu++17";
				CLANG_CXX_LIBRARY = "libc++";
				CLANG_ENABLE_MODULES = YES;
				CLANG_ENABLE_OBJC_ARC = YES;
				CLANG_ENABLE_OBJC_WEAK = YES;
				CLANG_WARN_BLOCK_CAPTURE_AUTORELEASING = YES;
				CLANG_WARN_BOOL_CONVERSION = YES;
				CLANG_WARN_COMMA = YES;
				CLANG_WARN_CONSTANT_CONVERSION = YES;
				CLANG_WARN_DEPRECATED_OBJC_IMPLEMENTATIONS = YES;
				CLANG_WARN_DIRECT_OBJC_ISA_USAGE = YES_ERROR;
				CLANG_WARN_DOCUMENTATION_COMMENTS = YES;
				CLANG_WARN_EMPTY_BODY = YES;
				CLANG_WARN_ENUM_CONVERSION = YES;
				CLANG_WARN_INFINITE_RECURSION = YES;
				CLANG_WARN_INT_CONVERSION = YES;
				CLANG_WARN_NON_LITERAL_NULL_CONVERSION = YES;
				CLANG_WARN_OBJC_IMPLICIT_RETAIN_SELF = YES;
				CLANG_WARN_OBJC_LITERAL_CONVERSION = YES;
				CLANG_WARN_OBJC_ROOT_CLASS = YES_ERROR;
				CLANG_WARN_QUOTED_INCLUDE_IN_FRAMEWORK_HEADER = YES;
				CLANG_WARN_RANGE_LOOP_ANALYSIS = YES;
				CLANG_WARN_STRICT_PROTOTYPES = YES;
				CLANG_WARN_SUSPICIOUS_MOVE = YES;
				CLANG_WARN_UNGUARDED_AVAILABILITY = YES_AGGRESSIVE;
				CLANG_WARN_UNREACHABLE_CODE = YES;
				CLANG_WARN__DUPLICATE_METHOD_MATCH = YES;
				COPY_PHASE_STRIP = NO;
				DEBUG_INFORMATION_FORMAT = dwarf;
				ENABLE_STRICT_OBJC_MSGSEND = YES;
				ENABLE_TESTABILITY = YES;
				GCC_C_LANGUAGE_STANDARD = gnu11;
				GCC_DYNAMIC_NO_PIC = NO;
				GCC_NO_COMMON_BLOCKS = YES;
				GCC_OPTIMIZATION_LEVEL = 0;
				GCC_PREPROCESSOR_DEFINITIONS = (
					"DEBUG=1",
					"$(inherited)",
				);
				GCC_WARN_64_TO_32_BIT_CONVERSION = YES;
				GCC_WARN_ABOUT_RETURN_TYPE = YES_ERROR;
				GCC_WARN_UNDECLARED_SELECTOR = YES;
				GCC_WARN_UNINITIALIZED_AUTOS = YES_AGGRESSIVE;
				GCC_WARN_UNUSED_FUNCTION = YES;
				GCC_WARN_UNUSED_VARIABLE = YES;
				IPHONEOS_DEPLOYMENT_TARGET = 15.0;
				MTL_ENABLE_DEBUG_INFO = INCLUDE_SOURCE;
				MTL_FAST_MATH = YES;
				ONLY_ACTIVE_ARCH = YES;
				SDKROOT = iphoneos;
				SWIFT_ACTIVE_COMPILATION_CONDITIONS = DEBUG;
				SWIFT_OPTIMIZATION_LEVEL = "-Onone";
			};
			name = Debug;
		};
		D47F831C270596DB00BA589D /* Release */ = {
			isa = XCBuildConfiguration;
			buildSettings = {
				ALWAYS_SEARCH_USER_PATHS = NO;
				CLANG_ANALYZER_NONNULL = YES;
				CLANG_ANALYZER_NUMBER_OBJECT_CONVERSION = YES_AGGRESSIVE;
				CLANG_CXX_LANGUAGE_STANDARD = "gnu++17";
				CLANG_CXX_LIBRARY = "libc++";
				CLANG_ENABLE_MODULES = YES;
				CLANG_ENABLE_OBJC_ARC = YES;
				CLANG_ENABLE_OBJC_WEAK = YES;
				CLANG_WARN_BLOCK_CAPTURE_AUTORELEASING = YES;
				CLANG_WARN_BOOL_CONVERSION = YES;
				CLANG_WARN_COMMA = YES;
				CLANG_WARN_CONSTANT_CONVERSION = YES;
				CLANG_WARN_DEPRECATED_OBJC_IMPLEMENTATIONS = YES;
				CLANG_WARN_DIRECT_OBJC_ISA_USAGE = YES_ERROR;
				CLANG_WARN_DOCUMENTATION_COMMENTS = YES;
				CLANG_WARN_EMPTY_BODY = YES;
				CLANG_WARN_ENUM_CONVERSION = YES;
				CLANG_WARN_INFINITE_RECURSION = YES;
				CLANG_WARN_INT_CONVERSION = YES;
				CLANG_WARN_NON_LITERAL_NULL_CONVERSION = YES;
				CLANG_WARN_OBJC_IMPLICIT_RETAIN_SELF = YES;
				CLANG_WARN_OBJC_LITERAL_CONVERSION = YES;
				CLANG_WARN_OBJC_ROOT_CLASS = YES_ERROR;
				CLANG_WARN_QUOTED_INCLUDE_IN_FRAMEWORK_HEADER = YES;
				CLANG_WARN_RANGE_LOOP_ANALYSIS = YES;
				CLANG_WARN_STRICT_PROTOTYPES = YES;
				CLANG_WARN_SUSPICIOUS_MOVE = YES;
				CLANG_WARN_UNGUARDED_AVAILABILITY = YES_AGGRESSIVE;
				CLANG_WARN_UNREACHABLE_CODE = YES;
				CLANG_WARN__DUPLICATE_METHOD_MATCH = YES;
				COPY_PHASE_STRIP = NO;
				DEBUG_INFORMATION_FORMAT = "dwarf-with-dsym";
				ENABLE_NS_ASSERTIONS = NO;
				ENABLE_STRICT_OBJC_MSGSEND = YES;
				GCC_C_LANGUAGE_STANDARD = gnu11;
				GCC_NO_COMMON_BLOCKS = YES;
				GCC_WARN_64_TO_32_BIT_CONVERSION = YES;
				GCC_WARN_ABOUT_RETURN_TYPE = YES_ERROR;
				GCC_WARN_UNDECLARED_SELECTOR = YES;
				GCC_WARN_UNINITIALIZED_AUTOS = YES_AGGRESSIVE;
				GCC_WARN_UNUSED_FUNCTION = YES;
				GCC_WARN_UNUSED_VARIABLE = YES;
				IPHONEOS_DEPLOYMENT_TARGET = 15.0;
				MTL_ENABLE_DEBUG_INFO = NO;
				MTL_FAST_MATH = YES;
				SDKROOT = iphoneos;
				SWIFT_COMPILATION_MODE = wholemodule;
				SWIFT_OPTIMIZATION_LEVEL = "-O";
				VALIDATE_PRODUCT = YES;
			};
			name = Release;
		};
		D47F831E270596DB00BA589D /* Debug */ = {
			isa = XCBuildConfiguration;
			buildSettings = {
				ASSETCATALOG_COMPILER_APPICON_NAME = AppIcon;
				ASSETCATALOG_COMPILER_GLOBAL_ACCENT_COLOR_NAME = AccentColor;
				CODE_SIGN_STYLE = Automatic;
				CURRENT_PROJECT_VERSION = 1;
				GENERATE_INFOPLIST_FILE = YES;
				INFOPLIST_FILE = ZZSnapMutipleViewSetup/Info.plist;
				INFOPLIST_KEY_UIApplicationSupportsIndirectInputEvents = YES;
				INFOPLIST_KEY_UILaunchStoryboardName = LaunchScreen;
				INFOPLIST_KEY_UISupportedInterfaceOrientations_iPad = "UIInterfaceOrientationPortrait UIInterfaceOrientationPortraitUpsideDown UIInterfaceOrientationLandscapeLeft UIInterfaceOrientationLandscapeRight";
				INFOPLIST_KEY_UISupportedInterfaceOrientations_iPhone = "UIInterfaceOrientationPortrait UIInterfaceOrientationLandscapeLeft UIInterfaceOrientationLandscapeRight";
				IPHONEOS_DEPLOYMENT_TARGET = 13.0;
				LD_RUNPATH_SEARCH_PATHS = (
					"$(inherited)",
					"@executable_path/Frameworks",
				);
				MARKETING_VERSION = 1.0;
				PRODUCT_BUNDLE_IDENTIFIER = com.zerry.ZZSnapMutipleViewSetup;
				PRODUCT_NAME = "$(TARGET_NAME)";
				SWIFT_EMIT_LOC_STRINGS = YES;
				SWIFT_VERSION = 5.0;
				TARGETED_DEVICE_FAMILY = "1,2";
			};
			name = Debug;
		};
		D47F831F270596DB00BA589D /* Release */ = {
			isa = XCBuildConfiguration;
			buildSettings = {
				ASSETCATALOG_COMPILER_APPICON_NAME = AppIcon;
				ASSETCATALOG_COMPILER_GLOBAL_ACCENT_COLOR_NAME = AccentColor;
				CODE_SIGN_STYLE = Automatic;
				CURRENT_PROJECT_VERSION = 1;
				GENERATE_INFOPLIST_FILE = YES;
				INFOPLIST_FILE = ZZSnapMutipleViewSetup/Info.plist;
				INFOPLIST_KEY_UIApplicationSupportsIndirectInputEvents = YES;
				INFOPLIST_KEY_UILaunchStoryboardName = LaunchScreen;
				INFOPLIST_KEY_UISupportedInterfaceOrientations_iPad = "UIInterfaceOrientationPortrait UIInterfaceOrientationPortraitUpsideDown UIInterfaceOrientationLandscapeLeft UIInterfaceOrientationLandscapeRight";
				INFOPLIST_KEY_UISupportedInterfaceOrientations_iPhone = "UIInterfaceOrientationPortrait UIInterfaceOrientationLandscapeLeft UIInterfaceOrientationLandscapeRight";
				IPHONEOS_DEPLOYMENT_TARGET = 13.0;
				LD_RUNPATH_SEARCH_PATHS = (
					"$(inherited)",
					"@executable_path/Frameworks",
				);
				MARKETING_VERSION = 1.0;
				PRODUCT_BUNDLE_IDENTIFIER = com.zerry.ZZSnapMutipleViewSetup;
				PRODUCT_NAME = "$(TARGET_NAME)";
				SWIFT_EMIT_LOC_STRINGS = YES;
				SWIFT_VERSION = 5.0;
				TARGETED_DEVICE_FAMILY = "1,2";
			};
			name = Release;
		};
/* End XCBuildConfiguration section */

/* Begin XCConfigurationList section */
		D47F8304270596D700BA589D /* Build configuration list for PBXProject "ZZSnapMutipleViewSetup" */ = {
			isa = XCConfigurationList;
			buildConfigurations = (
				D47F831B270596DB00BA589D /* Debug */,
				D47F831C270596DB00BA589D /* Release */,
			);
			defaultConfigurationIsVisible = 0;
			defaultConfigurationName = Release;
		};
		D47F831D270596DB00BA589D /* Build configuration list for PBXNativeTarget "ZZSnapMutipleViewSetup" */ = {
			isa = XCConfigurationList;
			buildConfigurations = (
				D47F831E270596DB00BA589D /* Debug */,
				D47F831F270596DB00BA589D /* Release */,
			);
			defaultConfigurationIsVisible = 0;
			defaultConfigurationName = Release;
		};
/* End XCConfigurationList section */
	};
	rootObject = D47F8301270596D700BA589D /* Project object */;
}
